
Microsoft Visual Studio Solution File, Format Version 12.00
# Visual Studio 15
VisualStudioVersion = 15.0.27703.2035
MinimumVisualStudioVersion = 10.0.40219.1
Project("{FAE04EC0-301F-11D3-BF4B-00C04F79EFBC}") = "GValues", "GValues\GValues.csproj", "{130A63A0-EEA2-4C0C-921D-BD3EB5AE105B}"
EndProject
Global
	GlobalSection(SolutionConfigurationPlatforms) = preSolution
		Debug|Any CPU = Debug|Any CPU
		Release|Any CPU = Release|Any CPU
	EndGlobalSection
	GlobalSection(ProjectConfigurationPlatforms) = postSolution
		{130A63A0-EEA2-4C0C-921D-BD3EB5AE105B}.Debug|Any CPU.ActiveCfg = Debug|Any CPU
		{130A63A0-EEA2-4C0C-921D-BD3EB5AE105B}.Debug|Any CPU.Build.0 = Debug|Any CPU
		{130A63A0-EEA2-4C0C-921D-BD3EB5AE105B}.Release|Any CPU.ActiveCfg = Release|Any CPU
		{130A63A0-EEA2-4C0C-921D-BD3EB5AE105B}.Release|Any CPU.Build.0 = Release|Any CPU
	EndGlobalSection
	GlobalSection(SolutionProperties) = preSolution
		HideSolutionNode = FALSE
	EndGlobalSection
	GlobalSection(ExtensibilityGlobals) = postSolution
		SolutionGuid = {6DC212A6-3CA2-41D5-81E3-6BE8571E8546}
	EndGlobalSection
EndGlobal
