
Microsoft Visual Studio Solution File, Format Version 12.00
# Visual Studio 15
VisualStudioVersion = 15.0.27703.2035
MinimumVisualStudioVersion = 10.0.40219.1
Project("{2150E333-8FDC-42A3-9474-1A3956D46DE8}") = "Services", "Services", "{FAC6CE99-F649-4236-BFD0-8E7B10979832}"
EndProject
Project("{2150E333-8FDC-42A3-9474-1A3956D46DE8}") = "IServices", "IServices", "{D9D530D1-C1FA-4BCC-9B2E-BE9C6DD5E694}"
EndProject
Project("{FAE04EC0-301F-11D3-BF4B-00C04F79EFBC}") = "SrvOrganizationModel", "SrvOrganizationModel\SrvOrganizationModel.csproj", "{B00E5CF5-2023-4484-B238-089B9C084ED2}"
EndProject
Project("{FAE04EC0-301F-11D3-BF4B-00C04F79EFBC}") = "ISrvOrganizationModel", "ISrvOrganizationModel\ISrvOrganizationModel.csproj", "{5FD6E812-2487-4BB0-96DB-2BC8CBFCC278}"
EndProject
Project("{FAE04EC0-301F-11D3-BF4B-00C04F79EFBC}") = "UnitTestOrganizationModel", "UnitTestOrganizationModel\UnitTestOrganizationModel.csproj", "{280A3CC8-5A57-4A73-985B-95C0B280E2A7}"
EndProject
Project("{9A19103F-16F7-4668-BE54-9A1E7A4F7556}") = "SBSCoreTest", "SBSCoreTest\SBSCoreTest.csproj", "{9BD8ACBB-4CFD-4022-9040-63203A77A59A}"
EndProject
Project("{FAE04EC0-301F-11D3-BF4B-00C04F79EFBC}") = "SrvHost", "SrvHost\SrvHost.csproj", "{7E20CAD2-4A19-4D72-A1B1-5C0339AF67F9}"
EndProject
Project("{FAE04EC0-301F-11D3-BF4B-00C04F79EFBC}") = "ICallBack", "ICallBack\ICallBack.csproj", "{DC58EE51-915F-4556-9D90-2FF2EB9A0474}"
EndProject
Project("{FAE04EC0-301F-11D3-BF4B-00C04F79EFBC}") = "GValues", "GValues\GValues.csproj", "{1A3BE90E-F16D-4F91-9A30-57FCCE62D0F5}"
EndProject
Project("{FAE04EC0-301F-11D3-BF4B-00C04F79EFBC}") = "IMessaging", "IMessaging\IMessaging.csproj", "{6B842661-E158-4A84-B430-9D5BAEA65EB3}"
EndProject
Project("{2150E333-8FDC-42A3-9474-1A3956D46DE8}") = "DuplexMessageExchange", "DuplexMessageExchange", "{2C631AED-527B-4375-96E7-38EC328B52D7}"
EndProject
Project("{FAE04EC0-301F-11D3-BF4B-00C04F79EFBC}") = "SomeProcess", "SomeProcess\SomeProcess.csproj", "{8D679E3C-7673-482D-940F-EAE43983F382}"
EndProject
Project("{FAE04EC0-301F-11D3-BF4B-00C04F79EFBC}") = "SomeProcessBody", "SomeProcessBody\SomeProcessBody.csproj", "{6C1A1ABE-06CF-4E0A-9E8B-054E80B54E2C}"
EndProject
Global
	GlobalSection(SolutionConfigurationPlatforms) = preSolution
		Debug|Any CPU = Debug|Any CPU
		Release|Any CPU = Release|Any CPU
	EndGlobalSection
	GlobalSection(ProjectConfigurationPlatforms) = postSolution
		{B00E5CF5-2023-4484-B238-089B9C084ED2}.Debug|Any CPU.ActiveCfg = Debug|Any CPU
		{B00E5CF5-2023-4484-B238-089B9C084ED2}.Debug|Any CPU.Build.0 = Debug|Any CPU
		{B00E5CF5-2023-4484-B238-089B9C084ED2}.Release|Any CPU.ActiveCfg = Release|Any CPU
		{B00E5CF5-2023-4484-B238-089B9C084ED2}.Release|Any CPU.Build.0 = Release|Any CPU
		{5FD6E812-2487-4BB0-96DB-2BC8CBFCC278}.Debug|Any CPU.ActiveCfg = Debug|Any CPU
		{5FD6E812-2487-4BB0-96DB-2BC8CBFCC278}.Debug|Any CPU.Build.0 = Debug|Any CPU
		{5FD6E812-2487-4BB0-96DB-2BC8CBFCC278}.Release|Any CPU.ActiveCfg = Release|Any CPU
		{5FD6E812-2487-4BB0-96DB-2BC8CBFCC278}.Release|Any CPU.Build.0 = Release|Any CPU
		{280A3CC8-5A57-4A73-985B-95C0B280E2A7}.Debug|Any CPU.ActiveCfg = Debug|Any CPU
		{280A3CC8-5A57-4A73-985B-95C0B280E2A7}.Debug|Any CPU.Build.0 = Debug|Any CPU
		{280A3CC8-5A57-4A73-985B-95C0B280E2A7}.Release|Any CPU.ActiveCfg = Release|Any CPU
		{280A3CC8-5A57-4A73-985B-95C0B280E2A7}.Release|Any CPU.Build.0 = Release|Any CPU
		{9BD8ACBB-4CFD-4022-9040-63203A77A59A}.Debug|Any CPU.ActiveCfg = Debug|Any CPU
		{9BD8ACBB-4CFD-4022-9040-63203A77A59A}.Debug|Any CPU.Build.0 = Debug|Any CPU
		{9BD8ACBB-4CFD-4022-9040-63203A77A59A}.Release|Any CPU.ActiveCfg = Release|Any CPU
		{9BD8ACBB-4CFD-4022-9040-63203A77A59A}.Release|Any CPU.Build.0 = Release|Any CPU
		{7E20CAD2-4A19-4D72-A1B1-5C0339AF67F9}.Debug|Any CPU.ActiveCfg = Debug|Any CPU
		{7E20CAD2-4A19-4D72-A1B1-5C0339AF67F9}.Debug|Any CPU.Build.0 = Debug|Any CPU
		{7E20CAD2-4A19-4D72-A1B1-5C0339AF67F9}.Release|Any CPU.ActiveCfg = Release|Any CPU
		{7E20CAD2-4A19-4D72-A1B1-5C0339AF67F9}.Release|Any CPU.Build.0 = Release|Any CPU
		{DC58EE51-915F-4556-9D90-2FF2EB9A0474}.Debug|Any CPU.ActiveCfg = Debug|Any CPU
		{DC58EE51-915F-4556-9D90-2FF2EB9A0474}.Debug|Any CPU.Build.0 = Debug|Any CPU
		{DC58EE51-915F-4556-9D90-2FF2EB9A0474}.Release|Any CPU.ActiveCfg = Release|Any CPU
		{DC58EE51-915F-4556-9D90-2FF2EB9A0474}.Release|Any CPU.Build.0 = Release|Any CPU
		{1A3BE90E-F16D-4F91-9A30-57FCCE62D0F5}.Debug|Any CPU.ActiveCfg = Debug|Any CPU
		{1A3BE90E-F16D-4F91-9A30-57FCCE62D0F5}.Debug|Any CPU.Build.0 = Debug|Any CPU
		{1A3BE90E-F16D-4F91-9A30-57FCCE62D0F5}.Release|Any CPU.ActiveCfg = Release|Any CPU
		{1A3BE90E-F16D-4F91-9A30-57FCCE62D0F5}.Release|Any CPU.Build.0 = Release|Any CPU
		{6B842661-E158-4A84-B430-9D5BAEA65EB3}.Debug|Any CPU.ActiveCfg = Debug|Any CPU
		{6B842661-E158-4A84-B430-9D5BAEA65EB3}.Debug|Any CPU.Build.0 = Debug|Any CPU
		{6B842661-E158-4A84-B430-9D5BAEA65EB3}.Release|Any CPU.ActiveCfg = Release|Any CPU
		{6B842661-E158-4A84-B430-9D5BAEA65EB3}.Release|Any CPU.Build.0 = Release|Any CPU
		{8D679E3C-7673-482D-940F-EAE43983F382}.Debug|Any CPU.ActiveCfg = Debug|Any CPU
		{8D679E3C-7673-482D-940F-EAE43983F382}.Debug|Any CPU.Build.0 = Debug|Any CPU
		{8D679E3C-7673-482D-940F-EAE43983F382}.Release|Any CPU.ActiveCfg = Release|Any CPU
		{8D679E3C-7673-482D-940F-EAE43983F382}.Release|Any CPU.Build.0 = Release|Any CPU
		{6C1A1ABE-06CF-4E0A-9E8B-054E80B54E2C}.Debug|Any CPU.ActiveCfg = Debug|Any CPU
		{6C1A1ABE-06CF-4E0A-9E8B-054E80B54E2C}.Debug|Any CPU.Build.0 = Debug|Any CPU
		{6C1A1ABE-06CF-4E0A-9E8B-054E80B54E2C}.Release|Any CPU.ActiveCfg = Release|Any CPU
		{6C1A1ABE-06CF-4E0A-9E8B-054E80B54E2C}.Release|Any CPU.Build.0 = Release|Any CPU
	EndGlobalSection
	GlobalSection(SolutionProperties) = preSolution
		HideSolutionNode = FALSE
	EndGlobalSection
	GlobalSection(NestedProjects) = preSolution
		{B00E5CF5-2023-4484-B238-089B9C084ED2} = {FAC6CE99-F649-4236-BFD0-8E7B10979832}
		{5FD6E812-2487-4BB0-96DB-2BC8CBFCC278} = {D9D530D1-C1FA-4BCC-9B2E-BE9C6DD5E694}
		{DC58EE51-915F-4556-9D90-2FF2EB9A0474} = {D9D530D1-C1FA-4BCC-9B2E-BE9C6DD5E694}
		{1A3BE90E-F16D-4F91-9A30-57FCCE62D0F5} = {FAC6CE99-F649-4236-BFD0-8E7B10979832}
		{6B842661-E158-4A84-B430-9D5BAEA65EB3} = {D9D530D1-C1FA-4BCC-9B2E-BE9C6DD5E694}
		{8D679E3C-7673-482D-940F-EAE43983F382} = {2C631AED-527B-4375-96E7-38EC328B52D7}
		{6C1A1ABE-06CF-4E0A-9E8B-054E80B54E2C} = {2C631AED-527B-4375-96E7-38EC328B52D7}
	EndGlobalSection
	GlobalSection(ExtensibilityGlobals) = postSolution
		SolutionGuid = {F80DEF9F-F406-418D-9EF8-A757C4C30F69}
	EndGlobalSection
EndGlobal
