
Microsoft Visual Studio Solution File, Format Version 12.00
# Visual Studio 15
VisualStudioVersion = 15.0.27703.2035
MinimumVisualStudioVersion = 10.0.40219.1
Project("{FAE04EC0-301F-11D3-BF4B-00C04F79EFBC}") = "SimpleObjects", "SimpleObjects\SimpleObjects.csproj", "{520DE893-2958-4F15-8993-B924FEDC6A34}"
EndProject
Project("{FAE04EC0-301F-11D3-BF4B-00C04F79EFBC}") = "ComplexObjects", "ComplexObjects\ComplexObjects.csproj", "{84CDAFC2-D707-4273-874B-00BC505DAD88}"
EndProject
Project("{FAE04EC0-301F-11D3-BF4B-00C04F79EFBC}") = "ServicesSide", "ServicesSide\ServicesSide.csproj", "{7792FD2C-7DA4-4F07-BAA7-5C7DC35D0996}"
EndProject
Global
	GlobalSection(SolutionConfigurationPlatforms) = preSolution
		Debug|Any CPU = Debug|Any CPU
		Release|Any CPU = Release|Any CPU
	EndGlobalSection
	GlobalSection(ProjectConfigurationPlatforms) = postSolution
		{520DE893-2958-4F15-8993-B924FEDC6A34}.Debug|Any CPU.ActiveCfg = Debug|Any CPU
		{520DE893-2958-4F15-8993-B924FEDC6A34}.Debug|Any CPU.Build.0 = Debug|Any CPU
		{520DE893-2958-4F15-8993-B924FEDC6A34}.Release|Any CPU.ActiveCfg = Release|Any CPU
		{520DE893-2958-4F15-8993-B924FEDC6A34}.Release|Any CPU.Build.0 = Release|Any CPU
		{84CDAFC2-D707-4273-874B-00BC505DAD88}.Debug|Any CPU.ActiveCfg = Debug|Any CPU
		{84CDAFC2-D707-4273-874B-00BC505DAD88}.Debug|Any CPU.Build.0 = Debug|Any CPU
		{84CDAFC2-D707-4273-874B-00BC505DAD88}.Release|Any CPU.ActiveCfg = Release|Any CPU
		{84CDAFC2-D707-4273-874B-00BC505DAD88}.Release|Any CPU.Build.0 = Release|Any CPU
		{7792FD2C-7DA4-4F07-BAA7-5C7DC35D0996}.Debug|Any CPU.ActiveCfg = Debug|Any CPU
		{7792FD2C-7DA4-4F07-BAA7-5C7DC35D0996}.Debug|Any CPU.Build.0 = Debug|Any CPU
		{7792FD2C-7DA4-4F07-BAA7-5C7DC35D0996}.Release|Any CPU.ActiveCfg = Release|Any CPU
		{7792FD2C-7DA4-4F07-BAA7-5C7DC35D0996}.Release|Any CPU.Build.0 = Release|Any CPU
	EndGlobalSection
	GlobalSection(SolutionProperties) = preSolution
		HideSolutionNode = FALSE
	EndGlobalSection
	GlobalSection(ExtensibilityGlobals) = postSolution
		SolutionGuid = {ABF8033D-1C30-4849-81A8-56E12A4E792A}
	EndGlobalSection
EndGlobal
